{
  "version": 4,
  "terraform_version": "1.13.3",
  "serial": 18,
  "lineage": "22541bc8-07be-a07d-a519-82beafb6e7af",
  "outputs": {
    "ec2_public_ip": {
      "value": "34.201.22.27",
      "type": "string"
    },
    "s3_bucket": {
      "value": "restaurante-ms-artifacts-31d7",
      "type": "string"
    },
    "ssh_command": {
      "value": "ssh -i ./db_key.pem ubuntu@34.201.22.27",
      "type": "string"
    }
  },
  "resources": [
    {
      "mode": "data",
      "type": "aws_ami",
      "name": "ubuntu",
      "provider": "provider[\"registry.terraform.io/hashicorp/aws\"]",
      "instances": [
        {
          "schema_version": 0,
          "attributes": {
            "architecture": "x86_64",
            "arn": "arn:aws:ec2:us-east-1::image/ami-0c398cb65a93047f2",
            "block_device_mappings": [
              {
                "device_name": "/dev/sda1",
                "ebs": {
                  "delete_on_termination": "true",
                  "encrypted": "false",
                  "iops": "0",
                  "snapshot_id": "snap-0631691c299b02084",
                  "throughput": "0",
                  "volume_initialization_rate": "0",
                  "volume_size": "8",
                  "volume_type": "gp2"
                },
                "no_device": "",
                "virtual_name": ""
              },
              {
                "device_name": "/dev/sdb",
                "ebs": {},
                "no_device": "",
                "virtual_name": "ephemeral0"
              },
              {
                "device_name": "/dev/sdc",
                "ebs": {},
                "no_device": "",
                "virtual_name": "ephemeral1"
              }
            ],
            "boot_mode": "uefi-preferred",
            "creation_date": "2025-10-15T08:05:51.000Z",
            "deprecation_time": "2027-10-15T08:05:51.000Z",
            "description": "Canonical, Ubuntu, 22.04, amd64 jammy image",
            "ena_support": true,
            "executable_users": null,
            "filter": [
              {
                "name": "name",
                "values": [
                  "ubuntu/images/hvm-ssd/ubuntu-jammy-22.04-amd64-server-*"
                ]
              },
              {
                "name": "virtualization-type",
                "values": [
                  "hvm"
                ]
              }
            ],
            "hypervisor": "xen",
            "id": "ami-0c398cb65a93047f2",
            "image_id": "ami-0c398cb65a93047f2",
            "image_location": "amazon/ubuntu/images/hvm-ssd/ubuntu-jammy-22.04-amd64-server-20251015",
            "image_owner_alias": "amazon",
            "image_type": "machine",
            "imds_support": "",
            "include_deprecated": false,
            "kernel_id": "",
            "last_launched_time": "",
            "most_recent": true,
            "name": "ubuntu/images/hvm-ssd/ubuntu-jammy-22.04-amd64-server-20251015",
            "name_regex": null,
            "owner_id": "099720109477",
            "owners": [
              "099720109477"
            ],
            "platform": "",
            "platform_details": "Linux/UNIX",
            "product_codes": [],
            "public": true,
            "ramdisk_id": "",
            "root_device_name": "/dev/sda1",
            "root_device_type": "ebs",
            "root_snapshot_id": "snap-0631691c299b02084",
            "sriov_net_support": "simple",
            "state": "available",
            "state_reason": {
              "code": "UNSET",
              "message": "UNSET"
            },
            "tags": {},
            "timeouts": null,
            "tpm_support": "",
            "uefi_data": null,
            "usage_operation": "RunInstances",
            "virtualization_type": "hvm"
          },
          "sensitive_attributes": [],
          "identity_schema_version": 0
        }
      ]
    },
    {
      "mode": "data",
      "type": "aws_availability_zones",
      "name": "available",
      "provider": "provider[\"registry.terraform.io/hashicorp/aws\"]",
      "instances": [
        {
          "schema_version": 0,
          "attributes": {
            "all_availability_zones": null,
            "exclude_names": null,
            "exclude_zone_ids": null,
            "filter": null,
            "group_names": [
              "us-east-1-zg-1"
            ],
            "id": "us-east-1",
            "names": [
              "us-east-1a",
              "us-east-1b",
              "us-east-1c",
              "us-east-1d",
              "us-east-1e",
              "us-east-1f"
            ],
            "state": null,
            "timeouts": null,
            "zone_ids": [
              "use1-az1",
              "use1-az2",
              "use1-az4",
              "use1-az6",
              "use1-az3",
              "use1-az5"
            ]
          },
          "sensitive_attributes": [],
          "identity_schema_version": 0
        }
      ]
    },
    {
      "mode": "managed",
      "type": "aws_instance",
      "name": "db",
      "provider": "provider[\"registry.terraform.io/hashicorp/aws\"]",
      "instances": [
        {
          "schema_version": 1,
          "attributes": {
            "ami": "ami-0c398cb65a93047f2",
            "arn": "arn:aws:ec2:us-east-1:539994123540:instance/i-0d0f343ff087aedfb",
            "associate_public_ip_address": true,
            "availability_zone": "us-east-1a",
            "capacity_reservation_specification": [
              {
                "capacity_reservation_preference": "open",
                "capacity_reservation_target": []
              }
            ],
            "cpu_core_count": 1,
            "cpu_options": [
              {
                "amd_sev_snp": "",
                "core_count": 1,
                "threads_per_core": 2
              }
            ],
            "cpu_threads_per_core": 2,
            "credit_specification": [
              {
                "cpu_credits": "unlimited"
              }
            ],
            "disable_api_stop": false,
            "disable_api_termination": false,
            "ebs_block_device": [],
            "ebs_optimized": false,
            "enable_primary_ipv6": null,
            "enclave_options": [
              {
                "enabled": false
              }
            ],
            "ephemeral_block_device": [],
            "get_password_data": false,
            "hibernation": false,
            "host_id": "",
            "host_resource_group_arn": null,
            "iam_instance_profile": "",
            "id": "i-0d0f343ff087aedfb",
            "instance_initiated_shutdown_behavior": "stop",
            "instance_lifecycle": "",
            "instance_market_options": [],
            "instance_state": "running",
            "instance_type": "t3.micro",
            "ipv6_address_count": 0,
            "ipv6_addresses": [],
            "key_name": "restaurante-ms-key",
            "launch_template": [],
            "maintenance_options": [
              {
                "auto_recovery": "default"
              }
            ],
            "metadata_options": [
              {
                "http_endpoint": "enabled",
                "http_protocol_ipv6": "disabled",
                "http_put_response_hop_limit": 1,
                "http_tokens": "optional",
                "instance_metadata_tags": "disabled"
              }
            ],
            "monitoring": false,
            "network_interface": [],
            "outpost_arn": "",
            "password_data": "",
            "placement_group": "",
            "placement_partition_number": 0,
            "primary_network_interface_id": "eni-06cf64158917076c8",
            "private_dns": "ip-10-60-1-138.ec2.internal",
            "private_dns_name_options": [
              {
                "enable_resource_name_dns_a_record": false,
                "enable_resource_name_dns_aaaa_record": false,
                "hostname_type": "ip-name"
              }
            ],
            "private_ip": "10.60.1.138",
            "public_dns": "ec2-34-201-22-27.compute-1.amazonaws.com",
            "public_ip": "34.201.22.27",
            "root_block_device": [
              {
                "delete_on_termination": true,
                "device_name": "/dev/sda1",
                "encrypted": false,
                "iops": 100,
                "kms_key_id": "",
                "tags": {},
                "tags_all": {},
                "throughput": 0,
                "volume_id": "vol-0a022c08f12672db2",
                "volume_size": 8,
                "volume_type": "gp2"
              }
            ],
            "secondary_private_ips": [],
            "security_groups": [],
            "source_dest_check": true,
            "spot_instance_request_id": "",
            "subnet_id": "subnet-06e380a0e56823e83",
            "tags": {
              "Name": "restaurante-ms-mysql-vm"
            },
            "tags_all": {
              "Name": "restaurante-ms-mysql-vm"
            },
            "tenancy": "default",
            "timeouts": null,
            "user_data": "f93a6203cda5395163df51eb26bc6349262e8193",
            "user_data_base64": null,
            "user_data_replace_on_change": false,
            "volume_tags": null,
            "vpc_security_group_ids": [
              "sg-0951c70ce5e8ae623"
            ]
          },
          "sensitive_attributes": [
            [
              {
                "type": "get_attr",
                "value": "user_data"
              }
            ]
          ],
          "identity_schema_version": 0,
          "private": "eyJlMmJmYjczMC1lY2FhLTExZTYtOGY4OC0zNDM2M2JjN2M0YzAiOnsiY3JlYXRlIjo2MDAwMDAwMDAwMDAsImRlbGV0ZSI6MTIwMDAwMDAwMDAwMCwicmVhZCI6OTAwMDAwMDAwMDAwLCJ1cGRhdGUiOjYwMDAwMDAwMDAwMH0sInNjaGVtYV92ZXJzaW9uIjoiMSJ9",
          "dependencies": [
            "aws_key_pair.ssh",
            "aws_security_group.ssh",
            "aws_subnet.public",
            "aws_vpc.main",
            "data.aws_ami.ubuntu",
            "data.aws_availability_zones.available",
            "tls_private_key.ssh"
          ]
        }
      ]
    },
    {
      "mode": "managed",
      "type": "aws_internet_gateway",
      "name": "igw",
      "provider": "provider[\"registry.terraform.io/hashicorp/aws\"]",
      "instances": [
        {
          "schema_version": 0,
          "attributes": {
            "arn": "arn:aws:ec2:us-east-1:539994123540:internet-gateway/igw-07e8c9e87cdbd0e7d",
            "id": "igw-07e8c9e87cdbd0e7d",
            "owner_id": "539994123540",
            "tags": {
              "Name": "restaurante-ms-igw"
            },
            "tags_all": {
              "Name": "restaurante-ms-igw"
            },
            "timeouts": null,
            "vpc_id": "vpc-0379f24e19738cd65"
          },
          "sensitive_attributes": [],
          "identity_schema_version": 0,
          "private": "eyJlMmJmYjczMC1lY2FhLTExZTYtOGY4OC0zNDM2M2JjN2M0YzAiOnsiY3JlYXRlIjoxMjAwMDAwMDAwMDAwLCJkZWxldGUiOjEyMDAwMDAwMDAwMDAsInVwZGF0ZSI6MTIwMDAwMDAwMDAwMH19",
          "dependencies": [
            "aws_vpc.main"
          ]
        }
      ]
    },
    {
      "mode": "managed",
      "type": "aws_key_pair",
      "name": "ssh",
      "provider": "provider[\"registry.terraform.io/hashicorp/aws\"]",
      "instances": [
        {
          "schema_version": 1,
          "attributes": {
            "arn": "arn:aws:ec2:us-east-1:539994123540:key-pair/restaurante-ms-key",
            "fingerprint": "d0:a7:fb:e0:c7:dd:bf:c6:e9:5e:13:c4:bb:50:36:82",
            "id": "restaurante-ms-key",
            "key_name": "restaurante-ms-key",
            "key_name_prefix": "",
            "key_pair_id": "key-0503d35ccc1f6cbbf",
            "key_type": "rsa",
            "public_key": "ssh-rsa AAAAB3NzaC1yc2EAAAADAQABAAACAQC/NzeaM/gEq9t0t7nxpFNth5vN8tQ1ATG7zyy2Wo46OR7W2hGT23qWwxFwkwwpXk4UOYUFAjI8zVJ0G1hgO+3oNzgc+Kiisp4HPG/XBjO/0XUQd+xXMoXaGLZedi/WYBcVXT1bIaAM6vSfuLPP0HhYZSPE08BbvWKOG0ugK34/eW5vgGidENQBTWKOYc7cc85psQNvAPnL8VlmoixQ2CRGeKKbxXlUcGge5Is2jEkOWOF3GGcKW6i2YQHw0j83e5J7HvuxddMME8DQeIpEr6XsoueqDePgiSHBsX31xk9+yWOqbuSGE8SXayp2t0AZdjO+mRYmPh8iQ9qQadmlyhsMbSK24sfsmw0KNUnETUDu9l6IHaiXcA2CIAFgmkyo/eia03LF8pNtfk7fqS3bgHRoyxzomQUMl6DtdEuHJxsKai0rX4+QRKtim10/JLOEAbKttLpJm0ve7kMkBS1454pGYqryhDckYtcDoNwKWlupw0/FO/VhLk0JC7m3MgaJxMCGtS08TnvGeR60Xtdu1Hc/eDZYhSxLaiEM/Dz711TSHLnGGlE9F7ISW/5kFND/IiBWfyb0bK/sQkYYP3C7JvlD2xPyps7OaeVo1Uo1SKjyZmsMWc7G3U5tyOJOcYwHrnmco7ttiCbo0a+W/pqScE9WOlMe3/rwsXNqfZeHftQVTw==",
            "tags": {},
            "tags_all": {}
          },
          "sensitive_attributes": [],
          "identity_schema_version": 0,
          "private": "eyJzY2hlbWFfdmVyc2lvbiI6IjEifQ==",
          "dependencies": [
            "tls_private_key.ssh"
          ]
        }
      ]
    },
    {
      "mode": "managed",
      "type": "aws_route_table",
      "name": "public",
      "provider": "provider[\"registry.terraform.io/hashicorp/aws\"]",
      "instances": [
        {
          "schema_version": 0,
          "attributes": {
            "arn": "arn:aws:ec2:us-east-1:539994123540:route-table/rtb-0a8e878a74a2aefe2",
            "id": "rtb-0a8e878a74a2aefe2",
            "owner_id": "539994123540",
            "propagating_vgws": [],
            "route": [
              {
                "carrier_gateway_id": "",
                "cidr_block": "0.0.0.0/0",
                "core_network_arn": "",
                "destination_prefix_list_id": "",
                "egress_only_gateway_id": "",
                "gateway_id": "igw-07e8c9e87cdbd0e7d",
                "ipv6_cidr_block": "",
                "local_gateway_id": "",
                "nat_gateway_id": "",
                "network_interface_id": "",
                "transit_gateway_id": "",
                "vpc_endpoint_id": "",
                "vpc_peering_connection_id": ""
              }
            ],
            "tags": {
              "Name": "restaurante-ms-public-rt"
            },
            "tags_all": {
              "Name": "restaurante-ms-public-rt"
            },
            "timeouts": null,
            "vpc_id": "vpc-0379f24e19738cd65"
          },
          "sensitive_attributes": [],
          "identity_schema_version": 0,
          "private": "eyJlMmJmYjczMC1lY2FhLTExZTYtOGY4OC0zNDM2M2JjN2M0YzAiOnsiY3JlYXRlIjozMDAwMDAwMDAwMDAsImRlbGV0ZSI6MzAwMDAwMDAwMDAwLCJ1cGRhdGUiOjEyMDAwMDAwMDAwMH19",
          "dependencies": [
            "aws_internet_gateway.igw",
            "aws_vpc.main"
          ]
        }
      ]
    },
    {
      "mode": "managed",
      "type": "aws_route_table_association",
      "name": "public_assoc",
      "provider": "provider[\"registry.terraform.io/hashicorp/aws\"]",
      "instances": [
        {
          "schema_version": 0,
          "attributes": {
            "gateway_id": "",
            "id": "rtbassoc-0fe8a6328b50c6433",
            "route_table_id": "rtb-0a8e878a74a2aefe2",
            "subnet_id": "subnet-06e380a0e56823e83",
            "timeouts": null
          },
          "sensitive_attributes": [],
          "identity_schema_version": 0,
          "private": "eyJlMmJmYjczMC1lY2FhLTExZTYtOGY4OC0zNDM2M2JjN2M0YzAiOnsiY3JlYXRlIjozMDAwMDAwMDAwMDAsImRlbGV0ZSI6MzAwMDAwMDAwMDAwLCJ1cGRhdGUiOjEyMDAwMDAwMDAwMH19",
          "dependencies": [
            "aws_internet_gateway.igw",
            "aws_route_table.public",
            "aws_subnet.public",
            "aws_vpc.main",
            "data.aws_availability_zones.available"
          ]
        }
      ]
    },
    {
      "mode": "managed",
      "type": "aws_s3_bucket",
      "name": "artifacts",
      "provider": "provider[\"registry.terraform.io/hashicorp/aws\"]",
      "instances": [
        {
          "schema_version": 0,
          "attributes": {
            "acceleration_status": "",
            "acl": null,
            "arn": "arn:aws:s3:::restaurante-ms-artifacts-31d7",
            "bucket": "restaurante-ms-artifacts-31d7",
            "bucket_domain_name": "restaurante-ms-artifacts-31d7.s3.amazonaws.com",
            "bucket_prefix": "",
            "bucket_regional_domain_name": "restaurante-ms-artifacts-31d7.s3.us-east-1.amazonaws.com",
            "cors_rule": [],
            "force_destroy": true,
            "grant": [
              {
                "id": "28120466fa82c736fc987dedcbce8b50e8b8ec6f45a7937fae6f675c155c4cd1",
                "permissions": [
                  "FULL_CONTROL"
                ],
                "type": "CanonicalUser",
                "uri": ""
              }
            ],
            "hosted_zone_id": "Z3AQBSTGFYJSTF",
            "id": "restaurante-ms-artifacts-31d7",
            "lifecycle_rule": [],
            "logging": [],
            "object_lock_configuration": [],
            "object_lock_enabled": false,
            "policy": "",
            "region": "us-east-1",
            "replication_configuration": [],
            "request_payer": "BucketOwner",
            "server_side_encryption_configuration": [
              {
                "rule": [
                  {
                    "apply_server_side_encryption_by_default": [
                      {
                        "kms_master_key_id": "",
                        "sse_algorithm": "AES256"
                      }
                    ],
                    "bucket_key_enabled": false
                  }
                ]
              }
            ],
            "tags": {
              "Name": "restaurante-ms-artifacts"
            },
            "tags_all": {
              "Name": "restaurante-ms-artifacts"
            },
            "timeouts": null,
            "versioning": [
              {
                "enabled": false,
                "mfa_delete": false
              }
            ],
            "website": [],
            "website_domain": null,
            "website_endpoint": null
          },
          "sensitive_attributes": [],
          "identity_schema_version": 0,
          "private": "eyJlMmJmYjczMC1lY2FhLTExZTYtOGY4OC0zNDM2M2JjN2M0YzAiOnsiY3JlYXRlIjoxMjAwMDAwMDAwMDAwLCJkZWxldGUiOjM2MDAwMDAwMDAwMDAsInJlYWQiOjEyMDAwMDAwMDAwMDAsInVwZGF0ZSI6MTIwMDAwMDAwMDAwMH19",
          "dependencies": [
            "random_id.suffix"
          ]
        }
      ]
    },
    {
      "mode": "managed",
      "type": "aws_s3_bucket_public_access_block",
      "name": "pab",
      "provider": "provider[\"registry.terraform.io/hashicorp/aws\"]",
      "instances": [
        {
          "schema_version": 0,
          "attributes": {
            "block_public_acls": true,
            "block_public_policy": true,
            "bucket": "restaurante-ms-artifacts-31d7",
            "id": "restaurante-ms-artifacts-31d7",
            "ignore_public_acls": true,
            "restrict_public_buckets": true
          },
          "sensitive_attributes": [],
          "identity_schema_version": 0,
          "private": "bnVsbA==",
          "dependencies": [
            "aws_s3_bucket.artifacts",
            "random_id.suffix"
          ]
        }
      ]
    },
    {
      "mode": "managed",
      "type": "aws_security_group",
      "name": "ssh",
      "provider": "provider[\"registry.terraform.io/hashicorp/aws\"]",
      "instances": [
        {
          "schema_version": 1,
          "attributes": {
            "arn": "arn:aws:ec2:us-east-1:539994123540:security-group/sg-0951c70ce5e8ae623",
            "description": "Permite SSH y puerto de la app",
            "egress": [
              {
                "cidr_blocks": [
                  "0.0.0.0/0"
                ],
                "description": "",
                "from_port": 0,
                "ipv6_cidr_blocks": [],
                "prefix_list_ids": [],
                "protocol": "-1",
                "security_groups": [],
                "self": false,
                "to_port": 0
              }
            ],
            "id": "sg-0951c70ce5e8ae623",
            "ingress": [
              {
                "cidr_blocks": [
                  "0.0.0.0/0"
                ],
                "description": "HTTP app (demo)",
                "from_port": 8080,
                "ipv6_cidr_blocks": [],
                "prefix_list_ids": [],
                "protocol": "tcp",
                "security_groups": [],
                "self": false,
                "to_port": 8080
              },
              {
                "cidr_blocks": [
                  "204.199.65.214/32"
                ],
                "description": "SSH",
                "from_port": 22,
                "ipv6_cidr_blocks": [],
                "prefix_list_ids": [],
                "protocol": "tcp",
                "security_groups": [],
                "self": false,
                "to_port": 22
              }
            ],
            "name": "restaurante-ms-sg",
            "name_prefix": "",
            "owner_id": "539994123540",
            "revoke_rules_on_delete": false,
            "tags": {
              "Name": "restaurante-ms-sg"
            },
            "tags_all": {
              "Name": "restaurante-ms-sg"
            },
            "timeouts": null,
            "vpc_id": "vpc-0379f24e19738cd65"
          },
          "sensitive_attributes": [],
          "identity_schema_version": 0,
          "private": "eyJlMmJmYjczMC1lY2FhLTExZTYtOGY4OC0zNDM2M2JjN2M0YzAiOnsiY3JlYXRlIjo2MDAwMDAwMDAwMDAsImRlbGV0ZSI6OTAwMDAwMDAwMDAwfSwic2NoZW1hX3ZlcnNpb24iOiIxIn0=",
          "dependencies": [
            "aws_vpc.main"
          ]
        }
      ]
    },
    {
      "mode": "managed",
      "type": "aws_subnet",
      "name": "public",
      "provider": "provider[\"registry.terraform.io/hashicorp/aws\"]",
      "instances": [
        {
          "schema_version": 1,
          "attributes": {
            "arn": "arn:aws:ec2:us-east-1:539994123540:subnet/subnet-06e380a0e56823e83",
            "assign_ipv6_address_on_creation": false,
            "availability_zone": "us-east-1a",
            "availability_zone_id": "use1-az1",
            "cidr_block": "10.60.1.0/24",
            "customer_owned_ipv4_pool": "",
            "enable_dns64": false,
            "enable_lni_at_device_index": 0,
            "enable_resource_name_dns_a_record_on_launch": false,
            "enable_resource_name_dns_aaaa_record_on_launch": false,
            "id": "subnet-06e380a0e56823e83",
            "ipv6_cidr_block": "",
            "ipv6_cidr_block_association_id": "",
            "ipv6_native": false,
            "map_customer_owned_ip_on_launch": false,
            "map_public_ip_on_launch": true,
            "outpost_arn": "",
            "owner_id": "539994123540",
            "private_dns_hostname_type_on_launch": "ip-name",
            "tags": {
              "Name": "restaurante-ms-public-subnet"
            },
            "tags_all": {
              "Name": "restaurante-ms-public-subnet"
            },
            "timeouts": null,
            "vpc_id": "vpc-0379f24e19738cd65"
          },
          "sensitive_attributes": [],
          "identity_schema_version": 0,
          "private": "eyJlMmJmYjczMC1lY2FhLTExZTYtOGY4OC0zNDM2M2JjN2M0YzAiOnsiY3JlYXRlIjo2MDAwMDAwMDAwMDAsImRlbGV0ZSI6MTIwMDAwMDAwMDAwMH0sInNjaGVtYV92ZXJzaW9uIjoiMSJ9",
          "dependencies": [
            "aws_vpc.main",
            "data.aws_availability_zones.available"
          ]
        }
      ]
    },
    {
      "mode": "managed",
      "type": "aws_vpc",
      "name": "main",
      "provider": "provider[\"registry.terraform.io/hashicorp/aws\"]",
      "instances": [
        {
          "schema_version": 1,
          "attributes": {
            "arn": "arn:aws:ec2:us-east-1:539994123540:vpc/vpc-0379f24e19738cd65",
            "assign_generated_ipv6_cidr_block": false,
            "cidr_block": "10.60.0.0/16",
            "default_network_acl_id": "acl-01f7ebad20a235dd3",
            "default_route_table_id": "rtb-0c691845e82454ab1",
            "default_security_group_id": "sg-0cb00a8c7e8195d53",
            "dhcp_options_id": "dopt-0a5d018fe7b3e641f",
            "enable_dns_hostnames": true,
            "enable_dns_support": true,
            "enable_network_address_usage_metrics": false,
            "id": "vpc-0379f24e19738cd65",
            "instance_tenancy": "default",
            "ipv4_ipam_pool_id": null,
            "ipv4_netmask_length": null,
            "ipv6_association_id": "",
            "ipv6_cidr_block": "",
            "ipv6_cidr_block_network_border_group": "",
            "ipv6_ipam_pool_id": "",
            "ipv6_netmask_length": 0,
            "main_route_table_id": "rtb-0c691845e82454ab1",
            "owner_id": "539994123540",
            "tags": {
              "Name": "restaurante-ms-vpc"
            },
            "tags_all": {
              "Name": "restaurante-ms-vpc"
            }
          },
          "sensitive_attributes": [],
          "identity_schema_version": 0,
          "private": "eyJzY2hlbWFfdmVyc2lvbiI6IjEifQ=="
        }
      ]
    },
    {
      "mode": "managed",
      "type": "local_file",
      "name": "private_key_pem",
      "provider": "provider[\"registry.terraform.io/hashicorp/local\"]",
      "instances": [
        {
          "schema_version": 0,
          "attributes": {
            "content": "-----BEGIN RSA PRIVATE KEY-----\nMIIJKQIBAAKCAgEAvzc3mjP4BKvbdLe58aRTbYebzfLUNQExu88stlqOOjke1toR\nk9t6lsMRcJMMKV5OFDmFBQIyPM1SdBtYYDvt6Dc4HPioorKeBzxv1wYzv9F1EHfs\nVzKF2hi2XnYv1mAXFV09WyGgDOr0n7izz9B4WGUjxNPAW71ijhtLoCt+P3lub4Bo\nnRDUAU1ijmHO3HPOabEDbwD5y/FZZqIsUNgkRniim8V5VHBoHuSLNoxJDljhdxhn\nCluotmEB8NI/N3uSex77sXXTDBPA0HiKRK+l7KLnqg3j4IkhwbF99cZPfsljqm7k\nhhPEl2sqdrdAGXYzvpkWJj4fIkPakGnZpcobDG0ituLH7JsNCjVJxE1A7vZeiB2o\nl3ANgiABYJpMqP3omtNyxfKTbX5O36kt24B0aMsc6JkFDJeg7XRLhycbCmotK1+P\nkESrYptdPySzhAGyrbS6SZtL3u5DJAUteOeKRmKq8oQ3JGLXA6DcClpbqcNPxTv1\nYS5NCQu5tzIGicTAhrUtPE57xnketF7XbtR3P3g2WIUsS2ohDPw8+9dU0hy5xhpR\nPReyElv+ZBTQ/yIgVn8m9Gyv7EJGGD9wuyb5Q9sT8qbOzmnlaNVKNUio8mZrDFnO\nxt1ObcjiTnGMB655nKO7bYgm6NGvlv6aknBPVjpTHt/68LFzan2Xh37UFU8CAwEA\nAQKCAgBI2HlXRqsa5HnjekbdVtPtqzbg+7x6QO04dlG7Wr5KUg58nXEK2hdWrhPL\nxklgzSuDqvIRGWgYH8RktTIy30HgMIExEE32RYPMj+qviQ5X6izlzDn+ciHqF3YK\ngI3y5oKEwhOozyORKEVvP8dIyUu/qTA6QM1MZdbQ+ncSGt+qwNEgq1OvWoTZxihg\nw8Qx2fBt9WCwfjeryVNctTWayuzu5/BS1aVGVNhlxH2Al2sRiyzB2UsP+CFK8aPy\nobYxpeMFAqWyUofHVxMimHlcd2oHv3vwHgCNPtDcYIjzA8yvKXvNpxdqOMexQ8NW\nnLNPv+cwmlOE2C+2NxFh6OFgtqEcrt6HMgd6feJ1Nk7DCvfuw/UV/6BAeLRnS/AR\nqeCBFi5hU6oYNHAiVFJjAe4i5+6cvYDUntQBk2ytjxRYRVRzZXGff2b4sFY5+xfp\nlshTrMkidmtGQbHixDNJGZdGCkNEXZQ+oa96JKP/4/IR+3ZTU4l3TQEcDTg2Ghbt\n9M6vlyRtW3is0e5tLi5OAu7oqGGQ2dG63CaxzxRI94Q9UWiz/T5oFCRDbp2Bf5o3\n6lboASApp6wLoO7DCegv/KqnTPNOrH1Hy+CPaPaNVgmhtyxAfIQ8EOrWT1rbw/ud\nZJaLJzlRil1jYyKz/gJ2wYLHGqKSMjHqWvaVyCNDMIpT+ZHbOQKCAQEAz4ELsbaZ\nVQfMcCqzh4938yOMDb5Y/3llqpfxrM74em8S2AIv5WFitHmpoTkvumITB3vKIhAw\n2Mh9OezfbJ3mozUktp3VAuHKgipFDr4X+ch/3GX361m34N+N/8Bz4rEjazXoVhcM\n4/uZOFQplG7vYKQTaihmuNFCYHwyiJaLeBy59i+wwj1wQ4v1heSN1AD5sNCb2U+J\nKNJAiYiZAIQPk1FqmO3nlZ4xwa6rGmbEFZUHcOLWoaFx21WwjFK59HvTvjOjRSPQ\nCLIJH72SP9UOxwTVUDcysMup4izo/PoAKKyHNj1vwUOyQkZpatrGPX3/0Dpir8/A\n/jRozbFHEtKgQwKCAQEA6+ejX21gTVJOTRVfUSwcMryPGc6esKy4OhImKK7TJzqp\nW2NXBIHbqJLDyG8B8ZeyIxgcKT+vPaC4idXrs9ZOqzj7lfsNDngq5R9defZXElBV\nHuL61xUKZI3EF3KfL4KPPttGjb+rVw0pDYfzVjrU10lIaItAq/fUjJJYYSn6Z6CA\n1xX8jlprh8f1mVDts/VFPeQ89vv7Mf+Rr+VG0d+AGsnYQSqoJyEiTmrrfdtauMql\nq0VyPdSjY42XxQ3oLsMAdDIev1SQTXkoBsSXydHvKQZrpZSCuwsgMeTTR2Tdfu0o\nv6TqkRDZrSbUbuR9HnfBEFimZpB2jhD8QTercGf8BQKCAQB9OhTToC4zCazQOIT2\nF5g9LMO1+5z8OMgpRt97+cAtK2FE6TT8imQmJJJBkSCDq/Jt/sADBKBmA8DHN3Oy\nuixZbJYGe4P05Ezxdw8MEZ6oiN7ZJNSUvSViWaf5o6yML3j/l53qbqjB4bIbM3eQ\nc86VFQ/+bfloKimTzwA0PB5ZU4TK1QcogimBKjL3JfKN8jS+B3c2k3BkKVb3aW9k\nx04bCvR47IJpYfoHOCFcoo5NtA20i8EZ9DOhObp9ROOibyRfUgyDilRfGwq0lBRx\n32O2qe0OJvG5jn+s1ouZOErmQRCspDEQgolOw+2UpgkjTSoYAVRTY97Fyt1A3W7W\nJjS/AoIBAQCKzJ+zZgdjdyna8NhESk/NCmSoKon0Kau7fzI0fah/TGSZALoSTNWR\nOck4BRh/rWGChI0NOAtDl2z8rIEiLtXaqIxeknf8K3gRl4LIX8ibXei3Y5VzN04G\nG+NkaGyA57CgqyO4Ay4s6fFdpL/n3HWetd+Eo2pJxGeqzfByOuC6WBV2d9lBaLIc\nEerPam5xk75JzCCSsW/62wQ9GgmxMm+NU3WJ4i9N1pD40q/8PTQDxjfzrcip2JLJ\n4GWL68LQwKtjspmkuXyuGLsUQFeOx5aP7NcpdVf19XXb5Wbqes5X//IZ0E6zS9bH\nqjETjhyP8KYHmCFP92/J5vSE6txUJtqBAoIBAQCd39fRlxjdGG95eN05WEPZjxFM\n1cKjkrIDqONUbX3r8DB3NNHuSYtkX07E8nI5IJbAkJ0LlOda9anCysrYiwgp5rnZ\nLqWHqimeTXdZRFNMhygGuk+1HujV7A5MVFtOOcW2HMI4jLB11ufvwP4sMOHhOOz9\ntV2HmGsdKGeaThHoW4TjvYWhJ9ia0AJH3ZQmX1rtxD0pwRTq/VfhDK8bcngB+2IZ\nN1q2UYiTWXnRzYxe1/ZSGy+zbF90pyMMm9TBbuTljUyRRSCa7QcimhIwbQy40Clz\n0CwDBtRfqWOqVWS4eQdd3+tbKqsv1XNPf8eXel2YXZN3N32xgG5wjpfOHhfX\n-----END RSA PRIVATE KEY-----\n",
            "content_base64": null,
            "content_base64sha256": "AtwyUrnU4S/h5k/p2Nh7D40W29R5LR46NWR3VhSlFS0=",
            "content_base64sha512": "8BfG0fKaSNuSgB124sZ8WK9VS9Mv2Lu8UA7RhiHXbbE1B7P+1/mwMHwhdlKfdjz5rxF+MQLbjWeizooH1AsXww==",
            "content_md5": "a832ba14c5b85eed57f0b3c4bd53208e",
            "content_sha1": "7d09052225566ca0c78ba58b3be2078f1b090773",
            "content_sha256": "02dc3252b9d4e12fe1e64fe9d8d87b0f8d16dbd4792d1e3a3564775614a5152d",
            "content_sha512": "f017c6d1f29a48db92801d76e2c67c58af554bd32fd8bbbc500ed18621d76db13507b3fed7f9b0307c2176529f763cf9af117e3102db8d67a2ce8a07d40b17c3",
            "directory_permission": "0777",
            "file_permission": "0400",
            "filename": "./db_key.pem",
            "id": "7d09052225566ca0c78ba58b3be2078f1b090773",
            "sensitive_content": null,
            "source": null
          },
          "sensitive_attributes": [
            [
              {
                "type": "get_attr",
                "value": "content"
              }
            ],
            [
              {
                "type": "get_attr",
                "value": "sensitive_content"
              }
            ]
          ],
          "identity_schema_version": 0,
          "dependencies": [
            "tls_private_key.ssh"
          ]
        }
      ]
    },
    {
      "mode": "managed",
      "type": "null_resource",
      "name": "db_scripts",
      "provider": "provider[\"registry.terraform.io/hashicorp/null\"]",
      "instances": [
        {
          "status": "tainted",
          "schema_version": 0,
          "attributes": {
            "id": "1749304030149177657",
            "triggers": null
          },
          "sensitive_attributes": [],
          "identity_schema_version": 0,
          "dependencies": [
            "aws_instance.db",
            "aws_key_pair.ssh",
            "aws_security_group.ssh",
            "aws_subnet.public",
            "aws_vpc.main",
            "data.aws_ami.ubuntu",
            "data.aws_availability_zones.available",
            "tls_private_key.ssh"
          ]
        }
      ]
    },
    {
      "mode": "managed",
      "type": "random_id",
      "name": "suffix",
      "provider": "provider[\"registry.terraform.io/hashicorp/random\"]",
      "instances": [
        {
          "schema_version": 0,
          "attributes": {
            "b64_std": "Mdc=",
            "b64_url": "Mdc",
            "byte_length": 2,
            "dec": "12759",
            "hex": "31d7",
            "id": "Mdc",
            "keepers": null,
            "prefix": null
          },
          "sensitive_attributes": [],
          "identity_schema_version": 0
        }
      ]
    },
    {
      "mode": "managed",
      "type": "tls_private_key",
      "name": "ssh",
      "provider": "provider[\"registry.terraform.io/hashicorp/tls\"]",
      "instances": [
        {
          "schema_version": 1,
          "attributes": {
            "algorithm": "RSA",
            "ecdsa_curve": "P224",
            "id": "595867e7871cd303702d8919a6caa3d61765f4f4",
            "private_key_openssh": "-----BEGIN OPENSSH PRIVATE KEY-----\nb3BlbnNzaC1rZXktdjEAAAAABG5vbmUAAAAEbm9uZQAAAAAAAAABAAACFwAAAAdz\nc2gtcnNhAAAAAwEAAQAAAgEAvzc3mjP4BKvbdLe58aRTbYebzfLUNQExu88stlqO\nOjke1toRk9t6lsMRcJMMKV5OFDmFBQIyPM1SdBtYYDvt6Dc4HPioorKeBzxv1wYz\nv9F1EHfsVzKF2hi2XnYv1mAXFV09WyGgDOr0n7izz9B4WGUjxNPAW71ijhtLoCt+\nP3lub4BonRDUAU1ijmHO3HPOabEDbwD5y/FZZqIsUNgkRniim8V5VHBoHuSLNoxJ\nDljhdxhnCluotmEB8NI/N3uSex77sXXTDBPA0HiKRK+l7KLnqg3j4IkhwbF99cZP\nfsljqm7khhPEl2sqdrdAGXYzvpkWJj4fIkPakGnZpcobDG0ituLH7JsNCjVJxE1A\n7vZeiB2ol3ANgiABYJpMqP3omtNyxfKTbX5O36kt24B0aMsc6JkFDJeg7XRLhycb\nCmotK1+PkESrYptdPySzhAGyrbS6SZtL3u5DJAUteOeKRmKq8oQ3JGLXA6DcClpb\nqcNPxTv1YS5NCQu5tzIGicTAhrUtPE57xnketF7XbtR3P3g2WIUsS2ohDPw8+9dU\n0hy5xhpRPReyElv+ZBTQ/yIgVn8m9Gyv7EJGGD9wuyb5Q9sT8qbOzmnlaNVKNUio\n8mZrDFnOxt1ObcjiTnGMB655nKO7bYgm6NGvlv6aknBPVjpTHt/68LFzan2Xh37U\nFU8AAAc4bKsCsWyrArEAAAAHc3NoLXJzYQAAAgEAvzc3mjP4BKvbdLe58aRTbYeb\nzfLUNQExu88stlqOOjke1toRk9t6lsMRcJMMKV5OFDmFBQIyPM1SdBtYYDvt6Dc4\nHPioorKeBzxv1wYzv9F1EHfsVzKF2hi2XnYv1mAXFV09WyGgDOr0n7izz9B4WGUj\nxNPAW71ijhtLoCt+P3lub4BonRDUAU1ijmHO3HPOabEDbwD5y/FZZqIsUNgkRnii\nm8V5VHBoHuSLNoxJDljhdxhnCluotmEB8NI/N3uSex77sXXTDBPA0HiKRK+l7KLn\nqg3j4IkhwbF99cZPfsljqm7khhPEl2sqdrdAGXYzvpkWJj4fIkPakGnZpcobDG0i\ntuLH7JsNCjVJxE1A7vZeiB2ol3ANgiABYJpMqP3omtNyxfKTbX5O36kt24B0aMsc\n6JkFDJeg7XRLhycbCmotK1+PkESrYptdPySzhAGyrbS6SZtL3u5DJAUteOeKRmKq\n8oQ3JGLXA6DcClpbqcNPxTv1YS5NCQu5tzIGicTAhrUtPE57xnketF7XbtR3P3g2\nWIUsS2ohDPw8+9dU0hy5xhpRPReyElv+ZBTQ/yIgVn8m9Gyv7EJGGD9wuyb5Q9sT\n8qbOzmnlaNVKNUio8mZrDFnOxt1ObcjiTnGMB655nKO7bYgm6NGvlv6aknBPVjpT\nHt/68LFzan2Xh37UFU8AAAADAQABAAACAEjYeVdGqxrkeeN6Rt1W0+2rNuD7vHpA\n7Th2UbtavkpSDnydcQraF1auE8vGSWDNK4Oq8hEZaBgfxGS1MjLfQeAwgTEQTfZF\ng8yP6q+JDlfqLOXMOf5yIeoXdgqAjfLmgoTCE6jPI5EoRW8/x0jJS7+pMDpAzUxl\n1tD6dxIa36rA0SCrU69ahNnGKGDDxDHZ8G31YLB+N6vJU1y1NZrK7O7n8FLVpUZU\n2GXEfYCXaxGLLMHZSw/4IUrxo/KhtjGl4wUCpbJSh8dXEyKYeVx3age/e/AeAI0+\n0NxgiPMDzK8pe82nF2o4x7FDw1acs0+/5zCaU4TYL7Y3EWHo4WC2oRyu3ocyB3p9\n4nU2TsMK9+7D9RX/oEB4tGdL8BGp4IEWLmFTqhg0cCJUUmMB7iLn7py9gNSe1AGT\nbK2PFFhFVHNlcZ9/ZviwVjn7F+mWyFOsySJ2a0ZBseLEM0kZl0YKQ0RdlD6hr3ok\no//j8hH7dlNTiXdNARwNODYaFu30zq+XJG1beKzR7m0uLk4C7uioYZDZ0brcJrHP\nFEj3hD1RaLP9PmgUJENunYF/mjfqVugBICmnrAug7sMJ6C/8qqdM806sfUfL4I9o\n9o1WCaG3LEB8hDwQ6tZPWtvD+51klosnOVGKXWNjIrP+AnbBgscaopIyMepa9pXI\nI0MwilP5kds5AAABAQCd39fRlxjdGG95eN05WEPZjxFM1cKjkrIDqONUbX3r8DB3\nNNHuSYtkX07E8nI5IJbAkJ0LlOda9anCysrYiwgp5rnZLqWHqimeTXdZRFNMhygG\nuk+1HujV7A5MVFtOOcW2HMI4jLB11ufvwP4sMOHhOOz9tV2HmGsdKGeaThHoW4Tj\nvYWhJ9ia0AJH3ZQmX1rtxD0pwRTq/VfhDK8bcngB+2IZN1q2UYiTWXnRzYxe1/ZS\nGy+zbF90pyMMm9TBbuTljUyRRSCa7QcimhIwbQy40Clz0CwDBtRfqWOqVWS4eQdd\n3+tbKqsv1XNPf8eXel2YXZN3N32xgG5wjpfOHhfXAAABAQDPgQuxtplVB8xwKrOH\nj3fzI4wNvlj/eWWql/Gszvh6bxLYAi/lYWK0eamhOS+6YhMHe8oiEDDYyH057N9s\nneajNSS2ndUC4cqCKkUOvhf5yH/cZffrWbfg343/wHPisSNrNehWFwzj+5k4VCmU\nbu9gpBNqKGa40UJgfDKIlot4HLn2L7DCPXBDi/WF5I3UAPmw0JvZT4ko0kCJiJkA\nhA+TUWqY7eeVnjHBrqsaZsQVlQdw4tahoXHbVbCMUrn0e9O+M6NFI9AIsgkfvZI/\n1Q7HBNVQNzKwy6niLOj8+gAorIc2PW/BQ7JCRmlq2sY9ff/QOmKvz8D+NGjNsUcS\n0qBDAAABAQDr56NfbWBNUk5NFV9RLBwyvI8Zzp6wrLg6EiYortMnOqlbY1cEgduo\nksPIbwHxl7IjGBwpP689oLiJ1euz1k6rOPuV+w0OeCrlH1159lcSUFUe4vrXFQpk\njcQXcp8vgo8+20aNv6tXDSkNh/NWOtTXSUhoi0Cr99SMklhhKfpnoIDXFfyOWmuH\nx/WZUO2z9UU95Dz2+/sx/5Gv5UbR34AaydhBKqgnISJOaut921q4yqWrRXI91KNj\njZfFDeguwwB0Mh6/VJBNeSgGxJfJ0e8pBmullIK7CyAx5NNHZN1+7Si/pOqRENmt\nJtRu5H0ed8EQWKZmkHaOEPxBN6twZ/wFAAAAAAEC\n-----END OPENSSH PRIVATE KEY-----\n",
            "private_key_pem": "-----BEGIN RSA PRIVATE KEY-----\nMIIJKQIBAAKCAgEAvzc3mjP4BKvbdLe58aRTbYebzfLUNQExu88stlqOOjke1toR\nk9t6lsMRcJMMKV5OFDmFBQIyPM1SdBtYYDvt6Dc4HPioorKeBzxv1wYzv9F1EHfs\nVzKF2hi2XnYv1mAXFV09WyGgDOr0n7izz9B4WGUjxNPAW71ijhtLoCt+P3lub4Bo\nnRDUAU1ijmHO3HPOabEDbwD5y/FZZqIsUNgkRniim8V5VHBoHuSLNoxJDljhdxhn\nCluotmEB8NI/N3uSex77sXXTDBPA0HiKRK+l7KLnqg3j4IkhwbF99cZPfsljqm7k\nhhPEl2sqdrdAGXYzvpkWJj4fIkPakGnZpcobDG0ituLH7JsNCjVJxE1A7vZeiB2o\nl3ANgiABYJpMqP3omtNyxfKTbX5O36kt24B0aMsc6JkFDJeg7XRLhycbCmotK1+P\nkESrYptdPySzhAGyrbS6SZtL3u5DJAUteOeKRmKq8oQ3JGLXA6DcClpbqcNPxTv1\nYS5NCQu5tzIGicTAhrUtPE57xnketF7XbtR3P3g2WIUsS2ohDPw8+9dU0hy5xhpR\nPReyElv+ZBTQ/yIgVn8m9Gyv7EJGGD9wuyb5Q9sT8qbOzmnlaNVKNUio8mZrDFnO\nxt1ObcjiTnGMB655nKO7bYgm6NGvlv6aknBPVjpTHt/68LFzan2Xh37UFU8CAwEA\nAQKCAgBI2HlXRqsa5HnjekbdVtPtqzbg+7x6QO04dlG7Wr5KUg58nXEK2hdWrhPL\nxklgzSuDqvIRGWgYH8RktTIy30HgMIExEE32RYPMj+qviQ5X6izlzDn+ciHqF3YK\ngI3y5oKEwhOozyORKEVvP8dIyUu/qTA6QM1MZdbQ+ncSGt+qwNEgq1OvWoTZxihg\nw8Qx2fBt9WCwfjeryVNctTWayuzu5/BS1aVGVNhlxH2Al2sRiyzB2UsP+CFK8aPy\nobYxpeMFAqWyUofHVxMimHlcd2oHv3vwHgCNPtDcYIjzA8yvKXvNpxdqOMexQ8NW\nnLNPv+cwmlOE2C+2NxFh6OFgtqEcrt6HMgd6feJ1Nk7DCvfuw/UV/6BAeLRnS/AR\nqeCBFi5hU6oYNHAiVFJjAe4i5+6cvYDUntQBk2ytjxRYRVRzZXGff2b4sFY5+xfp\nlshTrMkidmtGQbHixDNJGZdGCkNEXZQ+oa96JKP/4/IR+3ZTU4l3TQEcDTg2Ghbt\n9M6vlyRtW3is0e5tLi5OAu7oqGGQ2dG63CaxzxRI94Q9UWiz/T5oFCRDbp2Bf5o3\n6lboASApp6wLoO7DCegv/KqnTPNOrH1Hy+CPaPaNVgmhtyxAfIQ8EOrWT1rbw/ud\nZJaLJzlRil1jYyKz/gJ2wYLHGqKSMjHqWvaVyCNDMIpT+ZHbOQKCAQEAz4ELsbaZ\nVQfMcCqzh4938yOMDb5Y/3llqpfxrM74em8S2AIv5WFitHmpoTkvumITB3vKIhAw\n2Mh9OezfbJ3mozUktp3VAuHKgipFDr4X+ch/3GX361m34N+N/8Bz4rEjazXoVhcM\n4/uZOFQplG7vYKQTaihmuNFCYHwyiJaLeBy59i+wwj1wQ4v1heSN1AD5sNCb2U+J\nKNJAiYiZAIQPk1FqmO3nlZ4xwa6rGmbEFZUHcOLWoaFx21WwjFK59HvTvjOjRSPQ\nCLIJH72SP9UOxwTVUDcysMup4izo/PoAKKyHNj1vwUOyQkZpatrGPX3/0Dpir8/A\n/jRozbFHEtKgQwKCAQEA6+ejX21gTVJOTRVfUSwcMryPGc6esKy4OhImKK7TJzqp\nW2NXBIHbqJLDyG8B8ZeyIxgcKT+vPaC4idXrs9ZOqzj7lfsNDngq5R9defZXElBV\nHuL61xUKZI3EF3KfL4KPPttGjb+rVw0pDYfzVjrU10lIaItAq/fUjJJYYSn6Z6CA\n1xX8jlprh8f1mVDts/VFPeQ89vv7Mf+Rr+VG0d+AGsnYQSqoJyEiTmrrfdtauMql\nq0VyPdSjY42XxQ3oLsMAdDIev1SQTXkoBsSXydHvKQZrpZSCuwsgMeTTR2Tdfu0o\nv6TqkRDZrSbUbuR9HnfBEFimZpB2jhD8QTercGf8BQKCAQB9OhTToC4zCazQOIT2\nF5g9LMO1+5z8OMgpRt97+cAtK2FE6TT8imQmJJJBkSCDq/Jt/sADBKBmA8DHN3Oy\nuixZbJYGe4P05Ezxdw8MEZ6oiN7ZJNSUvSViWaf5o6yML3j/l53qbqjB4bIbM3eQ\nc86VFQ/+bfloKimTzwA0PB5ZU4TK1QcogimBKjL3JfKN8jS+B3c2k3BkKVb3aW9k\nx04bCvR47IJpYfoHOCFcoo5NtA20i8EZ9DOhObp9ROOibyRfUgyDilRfGwq0lBRx\n32O2qe0OJvG5jn+s1ouZOErmQRCspDEQgolOw+2UpgkjTSoYAVRTY97Fyt1A3W7W\nJjS/AoIBAQCKzJ+zZgdjdyna8NhESk/NCmSoKon0Kau7fzI0fah/TGSZALoSTNWR\nOck4BRh/rWGChI0NOAtDl2z8rIEiLtXaqIxeknf8K3gRl4LIX8ibXei3Y5VzN04G\nG+NkaGyA57CgqyO4Ay4s6fFdpL/n3HWetd+Eo2pJxGeqzfByOuC6WBV2d9lBaLIc\nEerPam5xk75JzCCSsW/62wQ9GgmxMm+NU3WJ4i9N1pD40q/8PTQDxjfzrcip2JLJ\n4GWL68LQwKtjspmkuXyuGLsUQFeOx5aP7NcpdVf19XXb5Wbqes5X//IZ0E6zS9bH\nqjETjhyP8KYHmCFP92/J5vSE6txUJtqBAoIBAQCd39fRlxjdGG95eN05WEPZjxFM\n1cKjkrIDqONUbX3r8DB3NNHuSYtkX07E8nI5IJbAkJ0LlOda9anCysrYiwgp5rnZ\nLqWHqimeTXdZRFNMhygGuk+1HujV7A5MVFtOOcW2HMI4jLB11ufvwP4sMOHhOOz9\ntV2HmGsdKGeaThHoW4TjvYWhJ9ia0AJH3ZQmX1rtxD0pwRTq/VfhDK8bcngB+2IZ\nN1q2UYiTWXnRzYxe1/ZSGy+zbF90pyMMm9TBbuTljUyRRSCa7QcimhIwbQy40Clz\n0CwDBtRfqWOqVWS4eQdd3+tbKqsv1XNPf8eXel2YXZN3N32xgG5wjpfOHhfX\n-----END RSA PRIVATE KEY-----\n",
            "private_key_pem_pkcs8": "-----BEGIN PRIVATE KEY-----\nMIIJQwIBADANBgkqhkiG9w0BAQEFAASCCS0wggkpAgEAAoICAQC/NzeaM/gEq9t0\nt7nxpFNth5vN8tQ1ATG7zyy2Wo46OR7W2hGT23qWwxFwkwwpXk4UOYUFAjI8zVJ0\nG1hgO+3oNzgc+Kiisp4HPG/XBjO/0XUQd+xXMoXaGLZedi/WYBcVXT1bIaAM6vSf\nuLPP0HhYZSPE08BbvWKOG0ugK34/eW5vgGidENQBTWKOYc7cc85psQNvAPnL8Vlm\noixQ2CRGeKKbxXlUcGge5Is2jEkOWOF3GGcKW6i2YQHw0j83e5J7HvuxddMME8DQ\neIpEr6XsoueqDePgiSHBsX31xk9+yWOqbuSGE8SXayp2t0AZdjO+mRYmPh8iQ9qQ\nadmlyhsMbSK24sfsmw0KNUnETUDu9l6IHaiXcA2CIAFgmkyo/eia03LF8pNtfk7f\nqS3bgHRoyxzomQUMl6DtdEuHJxsKai0rX4+QRKtim10/JLOEAbKttLpJm0ve7kMk\nBS1454pGYqryhDckYtcDoNwKWlupw0/FO/VhLk0JC7m3MgaJxMCGtS08TnvGeR60\nXtdu1Hc/eDZYhSxLaiEM/Dz711TSHLnGGlE9F7ISW/5kFND/IiBWfyb0bK/sQkYY\nP3C7JvlD2xPyps7OaeVo1Uo1SKjyZmsMWc7G3U5tyOJOcYwHrnmco7ttiCbo0a+W\n/pqScE9WOlMe3/rwsXNqfZeHftQVTwIDAQABAoICAEjYeVdGqxrkeeN6Rt1W0+2r\nNuD7vHpA7Th2UbtavkpSDnydcQraF1auE8vGSWDNK4Oq8hEZaBgfxGS1MjLfQeAw\ngTEQTfZFg8yP6q+JDlfqLOXMOf5yIeoXdgqAjfLmgoTCE6jPI5EoRW8/x0jJS7+p\nMDpAzUxl1tD6dxIa36rA0SCrU69ahNnGKGDDxDHZ8G31YLB+N6vJU1y1NZrK7O7n\n8FLVpUZU2GXEfYCXaxGLLMHZSw/4IUrxo/KhtjGl4wUCpbJSh8dXEyKYeVx3age/\ne/AeAI0+0NxgiPMDzK8pe82nF2o4x7FDw1acs0+/5zCaU4TYL7Y3EWHo4WC2oRyu\n3ocyB3p94nU2TsMK9+7D9RX/oEB4tGdL8BGp4IEWLmFTqhg0cCJUUmMB7iLn7py9\ngNSe1AGTbK2PFFhFVHNlcZ9/ZviwVjn7F+mWyFOsySJ2a0ZBseLEM0kZl0YKQ0Rd\nlD6hr3oko//j8hH7dlNTiXdNARwNODYaFu30zq+XJG1beKzR7m0uLk4C7uioYZDZ\n0brcJrHPFEj3hD1RaLP9PmgUJENunYF/mjfqVugBICmnrAug7sMJ6C/8qqdM806s\nfUfL4I9o9o1WCaG3LEB8hDwQ6tZPWtvD+51klosnOVGKXWNjIrP+AnbBgscaopIy\nMepa9pXII0MwilP5kds5AoIBAQDPgQuxtplVB8xwKrOHj3fzI4wNvlj/eWWql/Gs\nzvh6bxLYAi/lYWK0eamhOS+6YhMHe8oiEDDYyH057N9sneajNSS2ndUC4cqCKkUO\nvhf5yH/cZffrWbfg343/wHPisSNrNehWFwzj+5k4VCmUbu9gpBNqKGa40UJgfDKI\nlot4HLn2L7DCPXBDi/WF5I3UAPmw0JvZT4ko0kCJiJkAhA+TUWqY7eeVnjHBrqsa\nZsQVlQdw4tahoXHbVbCMUrn0e9O+M6NFI9AIsgkfvZI/1Q7HBNVQNzKwy6niLOj8\n+gAorIc2PW/BQ7JCRmlq2sY9ff/QOmKvz8D+NGjNsUcS0qBDAoIBAQDr56NfbWBN\nUk5NFV9RLBwyvI8Zzp6wrLg6EiYortMnOqlbY1cEgduoksPIbwHxl7IjGBwpP689\noLiJ1euz1k6rOPuV+w0OeCrlH1159lcSUFUe4vrXFQpkjcQXcp8vgo8+20aNv6tX\nDSkNh/NWOtTXSUhoi0Cr99SMklhhKfpnoIDXFfyOWmuHx/WZUO2z9UU95Dz2+/sx\n/5Gv5UbR34AaydhBKqgnISJOaut921q4yqWrRXI91KNjjZfFDeguwwB0Mh6/VJBN\neSgGxJfJ0e8pBmullIK7CyAx5NNHZN1+7Si/pOqRENmtJtRu5H0ed8EQWKZmkHaO\nEPxBN6twZ/wFAoIBAH06FNOgLjMJrNA4hPYXmD0sw7X7nPw4yClG33v5wC0rYUTp\nNPyKZCYkkkGRIIOr8m3+wAMEoGYDwMc3c7K6LFlslgZ7g/TkTPF3DwwRnqiI3tkk\n1JS9JWJZp/mjrIwveP+XnepuqMHhshszd5BzzpUVD/5t+WgqKZPPADQ8HllThMrV\nByiCKYEqMvcl8o3yNL4HdzaTcGQpVvdpb2THThsK9Hjsgmlh+gc4IVyijk20DbSL\nwRn0M6E5un1E46JvJF9SDIOKVF8bCrSUFHHfY7ap7Q4m8bmOf6zWi5k4SuZBEKyk\nMRCCiU7D7ZSmCSNNKhgBVFNj3sXK3UDdbtYmNL8CggEBAIrMn7NmB2N3Kdrw2ERK\nT80KZKgqifQpq7t/MjR9qH9MZJkAuhJM1ZE5yTgFGH+tYYKEjQ04C0OXbPysgSIu\n1dqojF6Sd/wreBGXgshfyJtd6LdjlXM3TgYb42RobIDnsKCrI7gDLizp8V2kv+fc\ndZ6134SjaknEZ6rN8HI64LpYFXZ32UFoshwR6s9qbnGTvknMIJKxb/rbBD0aCbEy\nb41TdYniL03WkPjSr/w9NAPGN/OtyKnYksngZYvrwtDAq2OymaS5fK4YuxRAV47H\nlo/s1yl1V/X1ddvlZup6zlf/8hnQTrNL1seqMROOHI/wpgeYIU/3b8nm9ITq3FQm\n2oECggEBAJ3f19GXGN0Yb3l43TlYQ9mPEUzVwqOSsgOo41RtfevwMHc00e5Ji2Rf\nTsTycjkglsCQnQuU51r1qcLKytiLCCnmudkupYeqKZ5Nd1lEU0yHKAa6T7Ue6NXs\nDkxUW045xbYcwjiMsHXW5+/A/iww4eE47P21XYeYax0oZ5pOEehbhOO9haEn2JrQ\nAkfdlCZfWu3EPSnBFOr9V+EMrxtyeAH7Yhk3WrZRiJNZedHNjF7X9lIbL7NsX3Sn\nIwyb1MFu5OWNTJFFIJrtByKaEjBtDLjQKXPQLAMG1F+pY6pVZLh5B13f61sqqy/V\nc09/x5d6XZhdk3c3fbGAbnCOl84eF9c=\n-----END PRIVATE KEY-----\n",
            "public_key_fingerprint_md5": "43:b9:08:86:e4:40:3c:20:ff:a0:c9:f2:40:6b:81:52",
            "public_key_fingerprint_sha256": "SHA256:N6PHDAlrjgnqWPdSfbMTJnE3fZtDfliYkdvdTN+kdy0",
            "public_key_openssh": "ssh-rsa AAAAB3NzaC1yc2EAAAADAQABAAACAQC/NzeaM/gEq9t0t7nxpFNth5vN8tQ1ATG7zyy2Wo46OR7W2hGT23qWwxFwkwwpXk4UOYUFAjI8zVJ0G1hgO+3oNzgc+Kiisp4HPG/XBjO/0XUQd+xXMoXaGLZedi/WYBcVXT1bIaAM6vSfuLPP0HhYZSPE08BbvWKOG0ugK34/eW5vgGidENQBTWKOYc7cc85psQNvAPnL8VlmoixQ2CRGeKKbxXlUcGge5Is2jEkOWOF3GGcKW6i2YQHw0j83e5J7HvuxddMME8DQeIpEr6XsoueqDePgiSHBsX31xk9+yWOqbuSGE8SXayp2t0AZdjO+mRYmPh8iQ9qQadmlyhsMbSK24sfsmw0KNUnETUDu9l6IHaiXcA2CIAFgmkyo/eia03LF8pNtfk7fqS3bgHRoyxzomQUMl6DtdEuHJxsKai0rX4+QRKtim10/JLOEAbKttLpJm0ve7kMkBS1454pGYqryhDckYtcDoNwKWlupw0/FO/VhLk0JC7m3MgaJxMCGtS08TnvGeR60Xtdu1Hc/eDZYhSxLaiEM/Dz711TSHLnGGlE9F7ISW/5kFND/IiBWfyb0bK/sQkYYP3C7JvlD2xPyps7OaeVo1Uo1SKjyZmsMWc7G3U5tyOJOcYwHrnmco7ttiCbo0a+W/pqScE9WOlMe3/rwsXNqfZeHftQVTw==\n",
            "public_key_pem": "-----BEGIN PUBLIC KEY-----\nMIICIjANBgkqhkiG9w0BAQEFAAOCAg8AMIICCgKCAgEAvzc3mjP4BKvbdLe58aRT\nbYebzfLUNQExu88stlqOOjke1toRk9t6lsMRcJMMKV5OFDmFBQIyPM1SdBtYYDvt\n6Dc4HPioorKeBzxv1wYzv9F1EHfsVzKF2hi2XnYv1mAXFV09WyGgDOr0n7izz9B4\nWGUjxNPAW71ijhtLoCt+P3lub4BonRDUAU1ijmHO3HPOabEDbwD5y/FZZqIsUNgk\nRniim8V5VHBoHuSLNoxJDljhdxhnCluotmEB8NI/N3uSex77sXXTDBPA0HiKRK+l\n7KLnqg3j4IkhwbF99cZPfsljqm7khhPEl2sqdrdAGXYzvpkWJj4fIkPakGnZpcob\nDG0ituLH7JsNCjVJxE1A7vZeiB2ol3ANgiABYJpMqP3omtNyxfKTbX5O36kt24B0\naMsc6JkFDJeg7XRLhycbCmotK1+PkESrYptdPySzhAGyrbS6SZtL3u5DJAUteOeK\nRmKq8oQ3JGLXA6DcClpbqcNPxTv1YS5NCQu5tzIGicTAhrUtPE57xnketF7XbtR3\nP3g2WIUsS2ohDPw8+9dU0hy5xhpRPReyElv+ZBTQ/yIgVn8m9Gyv7EJGGD9wuyb5\nQ9sT8qbOzmnlaNVKNUio8mZrDFnOxt1ObcjiTnGMB655nKO7bYgm6NGvlv6aknBP\nVjpTHt/68LFzan2Xh37UFU8CAwEAAQ==\n-----END PUBLIC KEY-----\n",
            "rsa_bits": 4096
          },
          "sensitive_attributes": [
            [
              {
                "type": "get_attr",
                "value": "private_key_openssh"
              }
            ],
            [
              {
                "type": "get_attr",
                "value": "private_key_pem"
              }
            ],
            [
              {
                "type": "get_attr",
                "value": "private_key_pem_pkcs8"
              }
            ]
          ],
          "identity_schema_version": 0
        }
      ]
    }
  ],
  "check_results": null
}
